github.com/NoahOrberg/nimvle.nvim v0.0.0-20181108082017-677e9c47cdb3 h1:IiZR+oCKVIxn9f5NzoqFDPQ69Z9kF/RlZMrNU1TniHM=
github.com/NoahOrberg/nimvle.nvim v0.0.0-20181108082017-677e9c47cdb3/go.mod h1:uZlJji/UuLQSsDTYZqvNKTVU/EkChYDrw5BowbmskQM=
github.com/neovim/go-client v0.0.0-20180317061334-9ff6dbd3a83f h1:vyAMHbYR3gOj1K18qoNvN26m1Anoniii5YAdBEVEIWM=
github.com/neovim/go-client v0.0.0-20180317061334-9ff6dbd3a83f/go.mod h1:cHx8fl6EhCgSA/pyKeVtyl3o6UzgE31ADtc+bx3JpKg=
